# THIS IS AN AUTOGENERATED FILE. DO NOT EDIT THIS FILE DIRECTLY.
# yarn lockfile v1


react-fast-compare@^3.0.1:
  version "3.0.1"
  resolved "https://registry.yarnpkg.com/react-fast-compare/-/react-fast-compare-3.0.1.tgz#884d339ce1341aad22392e7a88664c71da48600e"
  integrity sha512-C5vP0J644ofZGd54P8++O7AvrqMEbrGf8Ue0eAUJLJyw168dAX2aiYyX/zcY/eSNwO0IDjsKUaLE6n83D+TnEg==
